<?xml version="1.0" encoding="utf-8"?>
<Project ToolsVersion="4.0" xmlns="http://schemas.microsoft.com/developer/msbuild/2003">
  <ItemGroup>
    <Filter Include="Source Files">
      <UniqueIdentifier>{4FC737F1-C7A5-4376-A066-2A32D752A2FF}</UniqueIdentifier>
      <Extensions>cpp;c;cc;cxx;c++;cppm;ixx;def;odl;idl;hpj;bat;asm;asmx</Extensions>
    </Filter>
    <Filter Include="Header Files">
      <UniqueIdentifier>{93995380-89BD-4b04-88EB-625FBE52EBFB}</UniqueIdentifier>
      <Extensions>h;hh;hpp;hxx;h++;hm;inl;inc;ipp;xsd</Extensions>
    </Filter>
    <Filter Include="Resource Files">
      <UniqueIdentifier>{67DA6AB6-F800-4c08-8B7A-83BB121AAD01}</UniqueIdentifier>
      <Extensions>rc;ico;cur;bmp;dlg;rc2;rct;bin;rgs;gif;jpg;jpeg;jpe;resx;tiff;tif;png;wav;mfcribbon-ms</Extensions>
    </Filter>
    <Filter Include="Source Files\Data structure">
      <UniqueIdentifier>{2c8e47cb-f061-4cae-8608-3e9a43852ad8}</UniqueIdentifier>
    </Filter>
    <Filter Include="Source Files\Structures">
      <UniqueIdentifier>{bc406595-52b6-4aee-9dd3-665269e1d9de}</UniqueIdentifier>
    </Filter>
    <Filter Include="Header Files\Data structure">
      <UniqueIdentifier>{9c24278f-1412-4d51-93b1-a5fe0627c0a6}</UniqueIdentifier>
    </Filter>
    <Filter Include="Header Files\Structures">
      <UniqueIdentifier>{0184d29e-d84c-4b4c-a7c6-eb723b8b061b}</UniqueIdentifier>
    </Filter>
    <Filter Include="Header Files\menu">
      <UniqueIdentifier>{df214818-d66b-4264-b8d8-35de5cb24c14}</UniqueIdentifier>
    </Filter>
    <Filter Include="Source Files\menu">
      <UniqueIdentifier>{bd116416-91b9-46d5-b8b4-88cb4b069374}</UniqueIdentifier>
    </Filter>
  </ItemGroup>
  <ItemGroup>
    <ClInclude Include="AVL_TREE.h">
      <Filter>Header Files\Data structure</Filter>
    </ClInclude>
    <ClInclude Include="operation.h">
      <Filter>Header Files\Structures</Filter>
    </ClInclude>
    <ClInclude Include="user.h">
      <Filter>Header Files\Structures</Filter>
    </ClInclude>
    <ClInclude Include="Hash_table.h">
      <Filter>Header Files\Data structure</Filter>
    </ClInclude>
    <ClInclude Include="office.h">
      <Filter>Header Files\Structures</Filter>
    </ClInclude>
    <ClInclude Include="address.h">
      <Filter>Header Files\Structures</Filter>
    </ClInclude>
    <ClInclude Include="menu.h">
      <Filter>Header Files\menu</Filter>
    </ClInclude>
  </ItemGroup>
  <ItemGroup>
    <ClCompile Include="main.c">
      <Filter>Source Files</Filter>
    </ClCompile>
    <ClCompile Include="AVL_TREE.c">
      <Filter>Source Files\Data structure</Filter>
    </ClCompile>
    <ClCompile Include="operation.c">
      <Filter>Source Files\Structures</Filter>
    </ClCompile>
    <ClCompile Include="user.c">
      <Filter>Source Files\Structures</Filter>
    </ClCompile>
    <ClCompile Include="Hash_table.c">
      <Filter>Source Files\Data structure</Filter>
    </ClCompile>
    <ClCompile Include="office.c">
      <Filter>Source Files\Structures</Filter>
    </ClCompile>
    <ClCompile Include="address.c">
      <Filter>Source Files\Structures</Filter>
    </ClCompile>
    <ClCompile Include="menu.c">
      <Filter>Source Files\menu</Filter>
    </ClCompile>
  </ItemGroup>
</Project>